// !$*UTF8*$!
{
	archiveVersion = 1;
	classes = {
	};
	objectVersion = 55;
	objects = {

/* Begin PBXBuildFile section */
		04AC983D28A407F10004BB9A /* AppDelegate.swift in Sources */ = {isa = PBXBuildFile; fileRef = 04AC983C28A407F10004BB9A /* AppDelegate.swift */; };
		04AC983F28A407F10004BB9A /* SceneDelegate.swift in Sources */ = {isa = PBXBuildFile; fileRef = 04AC983E28A407F10004BB9A /* SceneDelegate.swift */; };
		04AC984128A407F10004BB9A /* ViewController.swift in Sources */ = {isa = PBXBuildFile; fileRef = 04AC984028A407F10004BB9A /* ViewController.swift */; };
		04AC984428A407F10004BB9A /* Main.storyboard in Resources */ = {isa = PBXBuildFile; fileRef = 04AC984228A407F10004BB9A /* Main.storyboard */; };
		04AC984728A407F10004BB9A /* FinanceApp.xcdatamodeld in Sources */ = {isa = PBXBuildFile; fileRef = 04AC984528A407F10004BB9A /* FinanceApp.xcdatamodeld */; };
		04AC984928A407F50004BB9A /* Assets.xcassets in Resources */ = {isa = PBXBuildFile; fileRef = 04AC984828A407F50004BB9A /* Assets.xcassets */; };
		04AC984C28A407F50004BB9A /* LaunchScreen.storyboard in Resources */ = {isa = PBXBuildFile; fileRef = 04AC984A28A407F50004BB9A /* LaunchScreen.storyboard */; };
		04AC985728A407F50004BB9A /* FinanceAppTests.swift in Sources */ = {isa = PBXBuildFile; fileRef = 04AC985628A407F50004BB9A /* FinanceAppTests.swift */; };
		04AC986128A407F50004BB9A /* FinanceAppUITests.swift in Sources */ = {isa = PBXBuildFile; fileRef = 04AC986028A407F50004BB9A /* FinanceAppUITests.swift */; };
		04AC986328A407F50004BB9A /* FinanceAppUITestsLaunchTests.swift in Sources */ = {isa = PBXBuildFile; fileRef = 04AC986228A407F50004BB9A /* FinanceAppUITestsLaunchTests.swift */; };
/* End PBXBuildFile section */

/* Begin PBXContainerItemProxy section */
		04AC985328A407F50004BB9A /* PBXContainerItemProxy */ = {
			isa = PBXContainerItemProxy;
			containerPortal = 04AC983128A407F10004BB9A /* Project object */;
			proxyType = 1;
			remoteGlobalIDString = 04AC983828A407F10004BB9A;
			remoteInfo = FinanceApp;
		};
		04AC985D28A407F50004BB9A /* PBXContainerItemProxy */ = {
			isa = PBXContainerItemProxy;
			containerPortal = 04AC983128A407F10004BB9A /* Project object */;
			proxyType = 1;
			remoteGlobalIDString = 04AC983828A407F10004BB9A;
			remoteInfo = FinanceApp;
		};
/* End PBXContainerItemProxy section */

/* Begin PBXFileReference section */
		04AC983928A407F10004BB9A /* FinanceApp.app */ = {isa = PBXFileReference; explicitFileType = wrapper.application; includeInIndex = 0; path = FinanceApp.app; sourceTree = BUILT_PRODUCTS_DIR; };
		04AC983C28A407F10004BB9A /* AppDelegate.swift */ = {isa = PBXFileReference; lastKnownFileType = sourcecode.swift; path = AppDelegate.swift; sourceTree = "<group>"; };
		04AC983E28A407F10004BB9A /* SceneDelegate.swift */ = {isa = PBXFileReference; lastKnownFileType = sourcecode.swift; path = SceneDelegate.swift; sourceTree = "<group>"; };
		04AC984028A407F10004BB9A /* ViewController.swift */ = {isa = PBXFileReference; lastKnownFileType = sourcecode.swift; path = ViewController.swift; sourceTree = "<group>"; };
		04AC984328A407F10004BB9A /* Base */ = {isa = PBXFileReference; lastKnownFileType = file.storyboard; name = Base; path = Base.lproj/Main.storyboard; sourceTree = "<group>"; };
		04AC984628A407F10004BB9A /* FinanceApp.xcdatamodel */ = {isa = PBXFileReference; lastKnownFileType = wrapper.xcdatamodel; path = FinanceApp.xcdatamodel; sourceTree = "<group>"; };
		04AC984828A407F50004BB9A /* Assets.xcassets */ = {isa = PBXFileReference; lastKnownFileType = folder.assetcatalog; path = Assets.xcassets; sourceTree = "<group>"; };
		04AC984B28A407F50004BB9A /* Base */ = {isa = PBXFileReference; lastKnownFileType = file.storyboard; name = Base; path = Base.lproj/LaunchScreen.storyboard; sourceTree = "<group>"; };
		04AC984D28A407F50004BB9A /* Info.plist */ = {isa = PBXFileReference; lastKnownFileType = text.plist.xml; path = Info.plist; sourceTree = "<group>"; };
		04AC985228A407F50004BB9A /* FinanceAppTests.xctest */ = {isa = PBXFileReference; explicitFileType = wrapper.cfbundle; includeInIndex = 0; path = FinanceAppTests.xctest; sourceTree = BUILT_PRODUCTS_DIR; };
		04AC985628A407F50004BB9A /* FinanceAppTests.swift */ = {isa = PBXFileReference; lastKnownFileType = sourcecode.swift; path = FinanceAppTests.swift; sourceTree = "<group>"; };
		04AC985C28A407F50004BB9A /* FinanceAppUITests.xctest */ = {isa = PBXFileReference; explicitFileType = wrapper.cfbundle; includeInIndex = 0; path = FinanceAppUITests.xctest; sourceTree = BUILT_PRODUCTS_DIR; };
		04AC986028A407F50004BB9A /* FinanceAppUITests.swift */ = {isa = PBXFileReference; lastKnownFileType = sourcecode.swift; path = FinanceAppUITests.swift; sourceTree = "<group>"; };
		04AC986228A407F50004BB9A /* FinanceAppUITestsLaunchTests.swift */ = {isa = PBXFileReference; lastKnownFileType = sourcecode.swift; path = FinanceAppUITestsLaunchTests.swift; sourceTree = "<group>"; };
/* End PBXFileReference section */

/* Begin PBXFrameworksBuildPhase section */
		04AC983628A407F10004BB9A /* Frameworks */ = {
			isa = PBXFrameworksBuildPhase;
			buildActionMask = 2147483647;
			files = (
			);
			runOnlyForDeploymentPostprocessing = 0;
		};
		04AC984F28A407F50004BB9A /* Frameworks */ = {
			isa = PBXFrameworksBuildPhase;
			buildActionMask = 2147483647;
			files = (
			);
			runOnlyForDeploymentPostprocessing = 0;
		};
		04AC985928A407F50004BB9A /* Frameworks */ = {
			isa = PBXFrameworksBuildPhase;
			buildActionMask = 2147483647;
			files = (
			);
			runOnlyForDeploymentPostprocessing = 0;
		};
/* End PBXFrameworksBuildPhase section */

/* Begin PBXGroup section */
		04AC983028A407F10004BB9A = {
			isa = PBXGroup;
			children = (
				04AC983B28A407F10004BB9A /* FinanceApp */,
				04AC985528A407F50004BB9A /* FinanceAppTests */,
				04AC985F28A407F50004BB9A /* FinanceAppUITests */,
				04AC983A28A407F10004BB9A /* Products */,
			);
			sourceTree = "<group>";
		};
		04AC983A28A407F10004BB9A /* Products */ = {
			isa = PBXGroup;
			children = (
				04AC983928A407F10004BB9A /* FinanceApp.app */,
				04AC985228A407F50004BB9A /* FinanceAppTests.xctest */,
				04AC985C28A407F50004BB9A /* FinanceAppUITests.xctest */,
			);
			name = Products;
			sourceTree = "<group>";
		};
		04AC983B28A407F10004BB9A /* FinanceApp */ = {
			isa = PBXGroup;
			children = (
				04AC987228A408C10004BB9A /* Resources */,
				04AC986F28A408640004BB9A /* Delegates */,
				04AC987028A408780004BB9A /* Controllers */,
				04AC987128A4089A0004BB9A /* Storyboard */,
				04AC984D28A407F50004BB9A /* Info.plist */,
				04AC984528A407F10004BB9A /* FinanceApp.xcdatamodeld */,
			);
			path = FinanceApp;
			sourceTree = "<group>";
		};
		04AC985528A407F50004BB9A /* FinanceAppTests */ = {
			isa = PBXGroup;
			children = (
				04AC985628A407F50004BB9A /* FinanceAppTests.swift */,
			);
			path = FinanceAppTests;
			sourceTree = "<group>";
		};
		04AC985F28A407F50004BB9A /* FinanceAppUITests */ = {
			isa = PBXGroup;
			children = (
				04AC986028A407F50004BB9A /* FinanceAppUITests.swift */,
				04AC986228A407F50004BB9A /* FinanceAppUITestsLaunchTests.swift */,
			);
			path = FinanceAppUITests;
			sourceTree = "<group>";
		};
		04AC986F28A408640004BB9A /* Delegates */ = {
			isa = PBXGroup;
			children = (
				04AC983C28A407F10004BB9A /* AppDelegate.swift */,
				04AC983E28A407F10004BB9A /* SceneDelegate.swift */,
			);
			path = Delegates;
			sourceTree = "<group>";
		};
		04AC987028A408780004BB9A /* Controllers */ = {
			isa = PBXGroup;
			children = (
				04AC984028A407F10004BB9A /* ViewController.swift */,
			);
			path = Controllers;
			sourceTree = "<group>";
		};
		04AC987128A4089A0004BB9A /* Storyboard */ = {
			isa = PBXGroup;
			children = (
				04AC984A28A407F50004BB9A /* LaunchScreen.storyboard */,
				04AC984228A407F10004BB9A /* Main.storyboard */,
			);
			path = Storyboard;
			sourceTree = "<group>";
		};
		04AC987228A408C10004BB9A /* Resources */ = {
			isa = PBXGroup;
			children = (
				04AC984828A407F50004BB9A /* Assets.xcassets */,
			);
			path = Resources;
			sourceTree = "<group>";
		};
/* End PBXGroup section */

/* Begin PBXNativeTarget section */
		04AC983828A407F10004BB9A /* FinanceApp */ = {
			isa = PBXNativeTarget;
			buildConfigurationList = 04AC986628A407F50004BB9A /* Build configuration list for PBXNativeTarget "FinanceApp" */;
			buildPhases = (
				04AC983528A407F10004BB9A /* Sources */,
				04AC983628A407F10004BB9A /* Frameworks */,
				04AC983728A407F10004BB9A /* Resources */,
			);
			buildRules = (
			);
			dependencies = (
			);
			name = FinanceApp;
			productName = FinanceApp;
			productReference = 04AC983928A407F10004BB9A /* FinanceApp.app */;
			productType = "com.apple.product-type.application";
		};
		04AC985128A407F50004BB9A /* FinanceAppTests */ = {
			isa = PBXNativeTarget;
			buildConfigurationList = 04AC986928A407F50004BB9A /* Build configuration list for PBXNativeTarget "FinanceAppTests" */;
			buildPhases = (
				04AC984E28A407F50004BB9A /* Sources */,
				04AC984F28A407F50004BB9A /* Frameworks */,
				04AC985028A407F50004BB9A /* Resources */,
			);
			buildRules = (
			);
			dependencies = (
				04AC985428A407F50004BB9A /* PBXTargetDependency */,
			);
			name = FinanceAppTests;
			productName = FinanceAppTests;
			productReference = 04AC985228A407F50004BB9A /* FinanceAppTests.xctest */;
			productType = "com.apple.product-type.bundle.unit-test";
		};
		04AC985B28A407F50004BB9A /* FinanceAppUITests */ = {
			isa = PBXNativeTarget;
			buildConfigurationList = 04AC986C28A407F50004BB9A /* Build configuration list for PBXNativeTarget "FinanceAppUITests" */;
			buildPhases = (
				04AC985828A407F50004BB9A /* Sources */,
				04AC985928A407F50004BB9A /* Frameworks */,
				04AC985A28A407F50004BB9A /* Resources */,
			);
			buildRules = (
			);
			dependencies = (
				04AC985E28A407F50004BB9A /* PBXTargetDependency */,
			);
			name = FinanceAppUITests;
			productName = FinanceAppUITests;
			productReference = 04AC985C28A407F50004BB9A /* FinanceAppUITests.xctest */;
			productType = "com.apple.product-type.bundle.ui-testing";
		};
/* End PBXNativeTarget section */

/* Begin PBXProject section */
		04AC983128A407F10004BB9A /* Project object */ = {
			isa = PBXProject;
			attributes = {
				BuildIndependentTargetsInParallel = 1;
				LastSwiftUpdateCheck = 1340;
				LastUpgradeCheck = 1340;
				TargetAttributes = {
					04AC983828A407F10004BB9A = {
						CreatedOnToolsVersion = 13.4.1;
					};
					04AC985128A407F50004BB9A = {
						CreatedOnToolsVersion = 13.4.1;
						TestTargetID = 04AC983828A407F10004BB9A;
					};
					04AC985B28A407F50004BB9A = {
						CreatedOnToolsVersion = 13.4.1;
						TestTargetID = 04AC983828A407F10004BB9A;
					};
				};
			};
			buildConfigurationList = 04AC983428A407F10004BB9A /* Build configuration list for PBXProject "FinanceApp" */;
			compatibilityVersion = "Xcode 13.0";
			developmentRegion = en;
			hasScannedForEncodings = 0;
			knownRegions = (
				en,
				Base,
			);
			mainGroup = 04AC983028A407F10004BB9A;
			productRefGroup = 04AC983A28A407F10004BB9A /* Products */;
			projectDirPath = "";
			projectRoot = "";
			targets = (
				04AC983828A407F10004BB9A /* FinanceApp */,
				04AC985128A407F50004BB9A /* FinanceAppTests */,
				04AC985B28A407F50004BB9A /* FinanceAppUITests */,
			);
		};
/* End PBXProject section */

/* Begin PBXResourcesBuildPhase section */
		04AC983728A407F10004BB9A /* Resources */ = {
			isa = PBXResourcesBuildPhase;
			buildActionMask = 2147483647;
			files = (
				04AC984C28A407F50004BB9A /* LaunchScreen.storyboard in Resources */,
				04AC984928A407F50004BB9A /* Assets.xcassets in Resources */,
				04AC984428A407F10004BB9A /* Main.storyboard in Resources */,
			);
			runOnlyForDeploymentPostprocessing = 0;
		};
		04AC985028A407F50004BB9A /* Resources */ = {
			isa = PBXResourcesBuildPhase;
			buildActionMask = 2147483647;
			files = (
			);
			runOnlyForDeploymentPostprocessing = 0;
		};
		04AC985A28A407F50004BB9A /* Resources */ = {
			isa = PBXResourcesBuildPhase;
			buildActionMask = 2147483647;
			files = (
			);
			runOnlyForDeploymentPostprocessing = 0;
		};
/* End PBXResourcesBuildPhase section */

/* Begin PBXSourcesBuildPhase section */
		04AC983528A407F10004BB9A /* Sources */ = {
			isa = PBXSourcesBuildPhase;
			buildActionMask = 2147483647;
			files = (
				04AC984728A407F10004BB9A /* FinanceApp.xcdatamodeld in Sources */,
				04AC984128A407F10004BB9A /* ViewController.swift in Sources */,
				04AC983D28A407F10004BB9A /* AppDelegate.swift in Sources */,
				04AC983F28A407F10004BB9A /* SceneDelegate.swift in Sources */,
			);
			runOnlyForDeploymentPostprocessing = 0;
		};
		04AC984E28A407F50004BB9A /* Sources */ = {
			isa = PBXSourcesBuildPhase;
			buildActionMask = 2147483647;
			files = (
				04AC985728A407F50004BB9A /* FinanceAppTests.swift in Sources */,
			);
			runOnlyForDeploymentPostprocessing = 0;
		};
		04AC985828A407F50004BB9A /* Sources */ = {
			isa = PBXSourcesBuildPhase;
			buildActionMask = 2147483647;
			files = (
				04AC986128A407F50004BB9A /* FinanceAppUITests.swift in Sources */,
				04AC986328A407F50004BB9A /* FinanceAppUITestsLaunchTests.swift in Sources */,
			);
			runOnlyForDeploymentPostprocessing = 0;
		};
/* End PBXSourcesBuildPhase section */

/* Begin PBXTargetDependency section */
		04AC985428A407F50004BB9A /* PBXTargetDependency */ = {
			isa = PBXTargetDependency;
			target = 04AC983828A407F10004BB9A /* FinanceApp */;
			targetProxy = 04AC985328A407F50004BB9A /* PBXContainerItemProxy */;
		};
		04AC985E28A407F50004BB9A /* PBXTargetDependency */ = {
			isa = PBXTargetDependency;
			target = 04AC983828A407F10004BB9A /* FinanceApp */;
			targetProxy = 04AC985D28A407F50004BB9A /* PBXContainerItemProxy */;
		};
/* End PBXTargetDependency section */

/* Begin PBXVariantGroup section */
		04AC984228A407F10004BB9A /* Main.storyboard */ = {
			isa = PBXVariantGroup;
			children = (
				04AC984328A407F10004BB9A /* Base */,
			);
			name = Main.storyboard;
			sourceTree = "<group>";
		};
		04AC984A28A407F50004BB9A /* LaunchScreen.storyboard */ = {
			isa = PBXVariantGroup;
			children = (
				04AC984B28A407F50004BB9A /* Base */,
			);
			name = LaunchScreen.storyboard;
			sourceTree = "<group>";
		};
/* End PBXVariantGroup section */

/* Begin XCBuildConfiguration section */
		04AC986428A407F50004BB9A /* Debug */ = {
			isa = XCBuildConfiguration;
			buildSettings = {
				ALWAYS_SEARCH_USER_PATHS = NO;
				CLANG_ANALYZER_NONNULL = YES;
				CLANG_ANALYZER_NUMBER_OBJECT_CONVERSION = YES_AGGRESSIVE;
				CLANG_CXX_LANGUAGE_STANDARD = "gnu++17";
				CLANG_ENABLE_MODULES = YES;
				CLANG_ENABLE_OBJC_ARC = YES;
				CLANG_ENABLE_OBJC_WEAK = YES;
				CLANG_WARN_BLOCK_CAPTURE_AUTORELEASING = YES;
				CLANG_WARN_BOOL_CONVERSION = YES;
				CLANG_WARN_COMMA = YES;
				CLANG_WARN_CONSTANT_CONVERSION = YES;
				CLANG_WARN_DEPRECATED_OBJC_IMPLEMENTATIONS = YES;
				CLANG_WARN_DIRECT_OBJC_ISA_USAGE = YES_ERROR;
				CLANG_WARN_DOCUMENTATION_COMMENTS = YES;
				CLANG_WARN_EMPTY_BODY = YES;
				CLANG_WARN_ENUM_CONVERSION = YES;
				CLANG_WARN_INFINITE_RECURSION = YES;
				CLANG_WARN_INT_CONVERSION = YES;
				CLANG_WARN_NON_LITERAL_NULL_CONVERSION = YES;
				CLANG_WARN_OBJC_IMPLICIT_RETAIN_SELF = YES;
				CLANG_WARN_OBJC_LITERAL_CONVERSION = YES;
				CLANG_WARN_OBJC_ROOT_CLASS = YES_ERROR;
				CLANG_WARN_QUOTED_INCLUDE_IN_FRAMEWORK_HEADER = YES;
				CLANG_WARN_RANGE_LOOP_ANALYSIS = YES;
				CLANG_WARN_STRICT_PROTOTYPES = YES;
				CLANG_WARN_SUSPICIOUS_MOVE = YES;
				CLANG_WARN_UNGUARDED_AVAILABILITY = YES_AGGRESSIVE;
				CLANG_WARN_UNREACHABLE_CODE = YES;
				CLANG_WARN__DUPLICATE_METHOD_MATCH = YES;
				COPY_PHASE_STRIP = NO;
				DEBUG_INFORMATION_FORMAT = dwarf;
				ENABLE_STRICT_OBJC_MSGSEND = YES;
				ENABLE_TESTABILITY = YES;
				GCC_C_LANGUAGE_STANDARD = gnu11;
				GCC_DYNAMIC_NO_PIC = NO;
				GCC_NO_COMMON_BLOCKS = YES;
				GCC_OPTIMIZATION_LEVEL = 0;
				GCC_PREPROCESSOR_DEFINITIONS = (
					"DEBUG=1",
					"$(inherited)",
				);
				GCC_WARN_64_TO_32_BIT_CONVERSION = YES;
				GCC_WARN_ABOUT_RETURN_TYPE = YES_ERROR;
				GCC_WARN_UNDECLARED_SELECTOR = YES;
				GCC_WARN_UNINITIALIZED_AUTOS = YES_AGGRESSIVE;
				GCC_WARN_UNUSED_FUNCTION = YES;
				GCC_WARN_UNUSED_VARIABLE = YES;
				IPHONEOS_DEPLOYMENT_TARGET = 15.5;
				MTL_ENABLE_DEBUG_INFO = INCLUDE_SOURCE;
				MTL_FAST_MATH = YES;
				ONLY_ACTIVE_ARCH = YES;
				SDKROOT = iphoneos;
				SWIFT_ACTIVE_COMPILATION_CONDITIONS = DEBUG;
				SWIFT_OPTIMIZATION_LEVEL = "-Onone";
			};
			name = Debug;
		};
		04AC986528A407F50004BB9A /* Release */ = {
			isa = XCBuildConfiguration;
			buildSettings = {
				ALWAYS_SEARCH_USER_PATHS = NO;
				CLANG_ANALYZER_NONNULL = YES;
				CLANG_ANALYZER_NUMBER_OBJECT_CONVERSION = YES_AGGRESSIVE;
				CLANG_CXX_LANGUAGE_STANDARD = "gnu++17";
				CLANG_ENABLE_MODULES = YES;
				CLANG_ENABLE_OBJC_ARC = YES;
				CLANG_ENABLE_OBJC_WEAK = YES;
				CLANG_WARN_BLOCK_CAPTURE_AUTORELEASING = YES;
				CLANG_WARN_BOOL_CONVERSION = YES;
				CLANG_WARN_COMMA = YES;
				CLANG_WARN_CONSTANT_CONVERSION = YES;
				CLANG_WARN_DEPRECATED_OBJC_IMPLEMENTATIONS = YES;
				CLANG_WARN_DIRECT_OBJC_ISA_USAGE = YES_ERROR;
				CLANG_WARN_DOCUMENTATION_COMMENTS = YES;
				CLANG_WARN_EMPTY_BODY = YES;
				CLANG_WARN_ENUM_CONVERSION = YES;
				CLANG_WARN_INFINITE_RECURSION = YES;
				CLANG_WARN_INT_CONVERSION = YES;
				CLANG_WARN_NON_LITERAL_NULL_CONVERSION = YES;
				CLANG_WARN_OBJC_IMPLICIT_RETAIN_SELF = YES;
				CLANG_WARN_OBJC_LITERAL_CONVERSION = YES;
				CLANG_WARN_OBJC_ROOT_CLASS = YES_ERROR;
				CLANG_WARN_QUOTED_INCLUDE_IN_FRAMEWORK_HEADER = YES;
				CLANG_WARN_RANGE_LOOP_ANALYSIS = YES;
				CLANG_WARN_STRICT_PROTOTYPES = YES;
				CLANG_WARN_SUSPICIOUS_MOVE = YES;
				CLANG_WARN_UNGUARDED_AVAILABILITY = YES_AGGRESSIVE;
				CLANG_WARN_UNREACHABLE_CODE = YES;
				CLANG_WARN__DUPLICATE_METHOD_MATCH = YES;
				COPY_PHASE_STRIP = NO;
				DEBUG_INFORMATION_FORMAT = "dwarf-with-dsym";
				ENABLE_NS_ASSERTIONS = NO;
				ENABLE_STRICT_OBJC_MSGSEND = YES;
				GCC_C_LANGUAGE_STANDARD = gnu11;
				GCC_NO_COMMON_BLOCKS = YES;
				GCC_WARN_64_TO_32_BIT_CONVERSION = YES;
				GCC_WARN_ABOUT_RETURN_TYPE = YES_ERROR;
				GCC_WARN_UNDECLARED_SELECTOR = YES;
				GCC_WARN_UNINITIALIZED_AUTOS = YES_AGGRESSIVE;
				GCC_WARN_UNUSED_FUNCTION = YES;
				GCC_WARN_UNUSED_VARIABLE = YES;
				IPHONEOS_DEPLOYMENT_TARGET = 15.5;
				MTL_ENABLE_DEBUG_INFO = NO;
				MTL_FAST_MATH = YES;
				SDKROOT = iphoneos;
				SWIFT_COMPILATION_MODE = wholemodule;
				SWIFT_OPTIMIZATION_LEVEL = "-O";
				VALIDATE_PRODUCT = YES;
			};
			name = Release;
		};
		04AC986728A407F50004BB9A /* Debug */ = {
			isa = XCBuildConfiguration;
			buildSettings = {
				ASSETCATALOG_COMPILER_APPICON_NAME = AppIcon;
				ASSETCATALOG_COMPILER_GLOBAL_ACCENT_COLOR_NAME = AccentColor;
				CODE_SIGN_STYLE = Automatic;
				CURRENT_PROJECT_VERSION = 1;
				DEVELOPMENT_TEAM = TU6K7VWRVB;
				GENERATE_INFOPLIST_FILE = YES;
				INFOPLIST_FILE = FinanceApp/Info.plist;
				INFOPLIST_KEY_UIApplicationSupportsIndirectInputEvents = YES;
				INFOPLIST_KEY_UILaunchStoryboardName = LaunchScreen;
				INFOPLIST_KEY_UIMainStoryboardFile = Main;
				INFOPLIST_KEY_UISupportedInterfaceOrientations_iPad = "UIInterfaceOrientationPortrait UIInterfaceOrientationPortraitUpsideDown UIInterfaceOrientationLandscapeLeft UIInterfaceOrientationLandscapeRight";
				INFOPLIST_KEY_UISupportedInterfaceOrientations_iPhone = "UIInterfaceOrientationPortrait UIInterfaceOrientationLandscapeLeft UIInterfaceOrientationLandscapeRight";
				LD_RUNPATH_SEARCH_PATHS = (
					"$(inherited)",
					"@executable_path/Frameworks",
				);
				MARKETING_VERSION = 1.0;
				PRODUCT_BUNDLE_IDENTIFIER = com.ayanfesolutions.FinanceApp;
				PRODUCT_NAME = "$(TARGET_NAME)";
				SWIFT_EMIT_LOC_STRINGS = YES;
				SWIFT_VERSION = 5.0;
				TARGETED_DEVICE_FAMILY = "1,2";
			};
			name = Debug;
		};
		04AC986828A407F50004BB9A /* Release */ = {
			isa = XCBuildConfiguration;
			buildSettings = {
				ASSETCATALOG_COMPILER_APPICON_NAME = AppIcon;
				ASSETCATALOG_COMPILER_GLOBAL_ACCENT_COLOR_NAME = AccentColor;
				CODE_SIGN_STYLE = Automatic;
				CURRENT_PROJECT_VERSION = 1;
				DEVELOPMENT_TEAM = TU6K7VWRVB;
				GENERATE_INFOPLIST_FILE = YES;
				INFOPLIST_FILE = FinanceApp/Info.plist;
				INFOPLIST_KEY_UIApplicationSupportsIndirectInputEvents = YES;
				INFOPLIST_KEY_UILaunchStoryboardName = LaunchScreen;
				INFOPLIST_KEY_UIMainStoryboardFile = Main;
				INFOPLIST_KEY_UISupportedInterfaceOrientations_iPad = "UIInterfaceOrientationPortrait UIInterfaceOrientationPortraitUpsideDown UIInterfaceOrientationLandscapeLeft UIInterfaceOrientationLandscapeRight";
				INFOPLIST_KEY_UISupportedInterfaceOrientations_iPhone = "UIInterfaceOrientationPortrait UIInterfaceOrientationLandscapeLeft UIInterfaceOrientationLandscapeRight";
				LD_RUNPATH_SEARCH_PATHS = (
					"$(inherited)",
					"@executable_path/Frameworks",
				);
				MARKETING_VERSION = 1.0;
				PRODUCT_BUNDLE_IDENTIFIER = com.ayanfesolutions.FinanceApp;
				PRODUCT_NAME = "$(TARGET_NAME)";
				SWIFT_EMIT_LOC_STRINGS = YES;
				SWIFT_VERSION = 5.0;
				TARGETED_DEVICE_FAMILY = "1,2";
			};
			name = Release;
		};
		04AC986A28A407F50004BB9A /* Debug */ = {
			isa = XCBuildConfiguration;
			buildSettings = {
				ALWAYS_EMBED_SWIFT_STANDARD_LIBRARIES = YES;
				BUNDLE_LOADER = "$(TEST_HOST)";
				CODE_SIGN_STYLE = Automatic;
				CURRENT_PROJECT_VERSION = 1;
				DEVELOPMENT_TEAM = TU6K7VWRVB;
				GENERATE_INFOPLIST_FILE = YES;
				IPHONEOS_DEPLOYMENT_TARGET = 15.5;
				MARKETING_VERSION = 1.0;
				PRODUCT_BUNDLE_IDENTIFIER = com.ayanfesolutions.FinanceAppTests;
				PRODUCT_NAME = "$(TARGET_NAME)";
				SWIFT_EMIT_LOC_STRINGS = NO;
				SWIFT_VERSION = 5.0;
				TARGETED_DEVICE_FAMILY = "1,2";
				TEST_HOST = "$(BUILT_PRODUCTS_DIR)/FinanceApp.app/FinanceApp";
			};
			name = Debug;
		};
		04AC986B28A407F50004BB9A /* Release */ = {
			isa = XCBuildConfiguration;
			buildSettings = {
				ALWAYS_EMBED_SWIFT_STANDARD_LIBRARIES = YES;
				BUNDLE_LOADER = "$(TEST_HOST)";
				CODE_SIGN_STYLE = Automatic;
				CURRENT_PROJECT_VERSION = 1;
				DEVELOPMENT_TEAM = TU6K7VWRVB;
				GENERATE_INFOPLIST_FILE = YES;
				IPHONEOS_DEPLOYMENT_TARGET = 15.5;
				MARKETING_VERSION = 1.0;
				PRODUCT_BUNDLE_IDENTIFIER = com.ayanfesolutions.FinanceAppTests;
				PRODUCT_NAME = "$(TARGET_NAME)";
				SWIFT_EMIT_LOC_STRINGS = NO;
				SWIFT_VERSION = 5.0;
				TARGETED_DEVICE_FAMILY = "1,2";
				TEST_HOST = "$(BUILT_PRODUCTS_DIR)/FinanceApp.app/FinanceApp";
			};
			name = Release;
		};
		04AC986D28A407F50004BB9A /* Debug */ = {
			isa = XCBuildConfiguration;
			buildSettings = {
				ALWAYS_EMBED_SWIFT_STANDARD_LIBRARIES = YES;
				CODE_SIGN_STYLE = Automatic;
				CURRENT_PROJECT_VERSION = 1;
				DEVELOPMENT_TEAM = TU6K7VWRVB;
				GENERATE_INFOPLIST_FILE = YES;
				MARKETING_VERSION = 1.0;
				PRODUCT_BUNDLE_IDENTIFIER = com.ayanfesolutions.FinanceAppUITests;
				PRODUCT_NAME = "$(TARGET_NAME)";
				SWIFT_EMIT_LOC_STRINGS = NO;
				SWIFT_VERSION = 5.0;
				TARGETED_DEVICE_FAMILY = "1,2";
				TEST_TARGET_NAME = FinanceApp;
			};
			name = Debug;
		};
		04AC986E28A407F50004BB9A /* Release */ = {
			isa = XCBuildConfiguration;
			buildSettings = {
				ALWAYS_EMBED_SWIFT_STANDARD_LIBRARIES = YES;
				CODE_SIGN_STYLE = Automatic;
				CURRENT_PROJECT_VERSION = 1;
				DEVELOPMENT_TEAM = TU6K7VWRVB;
				GENERATE_INFOPLIST_FILE = YES;
				MARKETING_VERSION = 1.0;
				PRODUCT_BUNDLE_IDENTIFIER = com.ayanfesolutions.FinanceAppUITests;
				PRODUCT_NAME = "$(TARGET_NAME)";
				SWIFT_EMIT_LOC_STRINGS = NO;
				SWIFT_VERSION = 5.0;
				TARGETED_DEVICE_FAMILY = "1,2";
				TEST_TARGET_NAME = FinanceApp;
			};
			name = Release;
		};
/* End XCBuildConfiguration section */

/* Begin XCConfigurationList section */
		04AC983428A407F10004BB9A /* Build configuration list for PBXProject "FinanceApp" */ = {
			isa = XCConfigurationList;
			buildConfigurations = (
				04AC986428A407F50004BB9A /* Debug */,
				04AC986528A407F50004BB9A /* Release */,
			);
			defaultConfigurationIsVisible = 0;
			defaultConfigurationName = Release;
		};
		04AC986628A407F50004BB9A /* Build configuration list for PBXNativeTarget "FinanceApp" */ = {
			isa = XCConfigurationList;
			buildConfigurations = (
				04AC986728A407F50004BB9A /* Debug */,
				04AC986828A407F50004BB9A /* Release */,
			);
			defaultConfigurationIsVisible = 0;
			defaultConfigurationName = Release;
		};
		04AC986928A407F50004BB9A /* Build configuration list for PBXNativeTarget "FinanceAppTests" */ = {
			isa = XCConfigurationList;
			buildConfigurations = (
				04AC986A28A407F50004BB9A /* Debug */,
				04AC986B28A407F50004BB9A /* Release */,
			);
			defaultConfigurationIsVisible = 0;
			defaultConfigurationName = Release;
		};
		04AC986C28A407F50004BB9A /* Build configuration list for PBXNativeTarget "FinanceAppUITests" */ = {
			isa = XCConfigurationList;
			buildConfigurations = (
				04AC986D28A407F50004BB9A /* Debug */,
				04AC986E28A407F50004BB9A /* Release */,
			);
			defaultConfigurationIsVisible = 0;
			defaultConfigurationName = Release;
		};
/* End XCConfigurationList section */

/* Begin XCVersionGroup section */
		04AC984528A407F10004BB9A /* FinanceApp.xcdatamodeld */ = {
			isa = XCVersionGroup;
			children = (
				04AC984628A407F10004BB9A /* FinanceApp.xcdatamodel */,
			);
			currentVersion = 04AC984628A407F10004BB9A /* FinanceApp.xcdatamodel */;
			path = FinanceApp.xcdatamodeld;
			sourceTree = "<group>";
			versionGroupType = wrapper.xcdatamodel;
		};
/* End XCVersionGroup section */
	};
	rootObject = 04AC983128A407F10004BB9A /* Project object */;
}
